Microsoft Visual Studio Solution File, Format Version 11.00
# Visual Studio 2010
Project("{FAE04EC0-301F-11D3-BF4B-00C04F79EFBC}") = "Assembly-CSharp-firstpass", "Assembly-CSharp-firstpass.csproj", "{CD4CB0D2-AF72-FCF7-8415-8259561619B5}"
EndProject
Project("{FAE04EC0-301F-11D3-BF4B-00C04F79EFBC}") = "Assembly-CSharp", "Assembly-CSharp.csproj", "{9D8D5B28-F3C5-8DB7-0E2D-002939AFC2D1}"
EndProject
Project("{FAE04EC0-301F-11D3-BF4B-00C04F79EFBC}") = "Assembly-CSharp-Editor-firstpass", "Assembly-CSharp-Editor-firstpass.csproj", "{864253CA-860F-24C2-07A1-66543C606400}"
EndProject
Global
	GlobalSection(SolutionConfigurationPlatforms) = preSolution
		Debug|Any CPU = Debug|Any CPU
		Release|Any CPU = Release|Any CPU
	EndGlobalSection
	GlobalSection(ProjectConfigurationPlatforms) = postSolution
		{CD4CB0D2-AF72-FCF7-8415-8259561619B5}.Debug|Any CPU.ActiveCfg = Debug|Any CPU
		{CD4CB0D2-AF72-FCF7-8415-8259561619B5}.Debug|Any CPU.Build.0 = Debug|Any CPU
		{CD4CB0D2-AF72-FCF7-8415-8259561619B5}.Release|Any CPU.ActiveCfg = Release|Any CPU
		{CD4CB0D2-AF72-FCF7-8415-8259561619B5}.Release|Any CPU.Build.0 = Release|Any CPU
		{9D8D5B28-F3C5-8DB7-0E2D-002939AFC2D1}.Debug|Any CPU.ActiveCfg = Debug|Any CPU
		{9D8D5B28-F3C5-8DB7-0E2D-002939AFC2D1}.Debug|Any CPU.Build.0 = Debug|Any CPU
		{9D8D5B28-F3C5-8DB7-0E2D-002939AFC2D1}.Release|Any CPU.ActiveCfg = Release|Any CPU
		{9D8D5B28-F3C5-8DB7-0E2D-002939AFC2D1}.Release|Any CPU.Build.0 = Release|Any CPU
		{864253CA-860F-24C2-07A1-66543C606400}.Debug|Any CPU.ActiveCfg = Debug|Any CPU
		{864253CA-860F-24C2-07A1-66543C606400}.Debug|Any CPU.Build.0 = Debug|Any CPU
		{864253CA-860F-24C2-07A1-66543C606400}.Release|Any CPU.ActiveCfg = Release|Any CPU
		{864253CA-860F-24C2-07A1-66543C606400}.Release|Any CPU.Build.0 = Release|Any CPU
	EndGlobalSection
	GlobalSection(SolutionProperties) = preSolution
		HideSolutionNode = FALSE
	EndGlobalSection
	GlobalSection(MonoDevelopProperties) = preSolution
		StartupItem = Assembly-CSharp.csproj
	EndGlobalSection
EndGlobal
